// !$*UTF8*$!
{
	archiveVersion = 1;
	classes = {
	};
	objectVersion = 50;
	objects = {

/* Begin PBXBuildFile section */
		324DEE292351F10B00DE12E6 /* main.cpp in Sources */ = {isa = PBXBuildFile; fileRef = 324DEE282351F10B00DE12E6 /* main.cpp */; };
		324DEE3B2351F12A00DE12E6 /* Grandparents.cpp in Sources */ = {isa = PBXBuildFile; fileRef = 324DEE302351F12A00DE12E6 /* Grandparents.cpp */; };
		324DEE3C2351F12A00DE12E6 /* Base.cpp in Sources */ = {isa = PBXBuildFile; fileRef = 324DEE342351F12A00DE12E6 /* Base.cpp */; };
		324DEE3F2351F12A00DE12E6 /* Keeper.cpp in Sources */ = {isa = PBXBuildFile; fileRef = 324DEE392351F12A00DE12E6 /* Keeper.cpp */; };
		324DEE452351F57D00DE12E6 /* Kids.cpp in Sources */ = {isa = PBXBuildFile; fileRef = 324DEE432351F57D00DE12E6 /* Kids.cpp */; };
		324DEE482351F59A00DE12E6 /* Parents.cpp in Sources */ = {isa = PBXBuildFile; fileRef = 324DEE462351F59A00DE12E6 /* Parents.cpp */; };
		32A243952359FEF90095271F /* Functions.cpp in Sources */ = {isa = PBXBuildFile; fileRef = 32A243932359FEF90095271F /* Functions.cpp */; };
/* End PBXBuildFile section */

/* Begin PBXCopyFilesBuildPhase section */
		324DEE232351F10B00DE12E6 /* CopyFiles */ = {
			isa = PBXCopyFilesBuildPhase;
			buildActionMask = 2147483647;
			dstPath = /usr/share/man/man1/;
			dstSubfolderSpec = 0;
			files = (
			);
			runOnlyForDeploymentPostprocessing = 1;
		};
/* End PBXCopyFilesBuildPhase section */

/* Begin PBXFileReference section */
		324DEE252351F10B00DE12E6 /* TEHPROGA1 */ = {isa = PBXFileReference; explicitFileType = "compiled.mach-o.executable"; includeInIndex = 0; path = TEHPROGA1; sourceTree = BUILT_PRODUCTS_DIR; };
		324DEE282351F10B00DE12E6 /* main.cpp */ = {isa = PBXFileReference; lastKnownFileType = sourcecode.cpp.cpp; path = main.cpp; sourceTree = "<group>"; };
		324DEE302351F12A00DE12E6 /* Grandparents.cpp */ = {isa = PBXFileReference; fileEncoding = 4; lastKnownFileType = sourcecode.cpp.cpp; path = Grandparents.cpp; sourceTree = "<group>"; };
		324DEE312351F12A00DE12E6 /* Base.hpp */ = {isa = PBXFileReference; fileEncoding = 4; lastKnownFileType = sourcecode.cpp.h; path = Base.hpp; sourceTree = "<group>"; };
		324DEE332351F12A00DE12E6 /* Grandparents.hpp */ = {isa = PBXFileReference; fileEncoding = 4; lastKnownFileType = sourcecode.cpp.h; path = Grandparents.hpp; sourceTree = "<group>"; };
		324DEE342351F12A00DE12E6 /* Base.cpp */ = {isa = PBXFileReference; fileEncoding = 4; lastKnownFileType = sourcecode.cpp.cpp; path = Base.cpp; sourceTree = "<group>"; };
		324DEE382351F12A00DE12E6 /* Keeper.hpp */ = {isa = PBXFileReference; fileEncoding = 4; lastKnownFileType = sourcecode.cpp.h; path = Keeper.hpp; sourceTree = "<group>"; };
		324DEE392351F12A00DE12E6 /* Keeper.cpp */ = {isa = PBXFileReference; fileEncoding = 4; lastKnownFileType = sourcecode.cpp.cpp; path = Keeper.cpp; sourceTree = "<group>"; };
		324DEE412351F22600DE12E6 /* Exception.hpp */ = {isa = PBXFileReference; lastKnownFileType = sourcecode.cpp.h; path = Exception.hpp; sourceTree = "<group>"; };
		324DEE432351F57D00DE12E6 /* Kids.cpp */ = {isa = PBXFileReference; lastKnownFileType = sourcecode.cpp.cpp; path = Kids.cpp; sourceTree = "<group>"; };
		324DEE442351F57D00DE12E6 /* Kids.hpp */ = {isa = PBXFileReference; lastKnownFileType = sourcecode.cpp.h; path = Kids.hpp; sourceTree = "<group>"; };
		324DEE462351F59A00DE12E6 /* Parents.cpp */ = {isa = PBXFileReference; lastKnownFileType = sourcecode.cpp.cpp; path = Parents.cpp; sourceTree = "<group>"; };
		324DEE472351F59A00DE12E6 /* Parents.hpp */ = {isa = PBXFileReference; lastKnownFileType = sourcecode.cpp.h; path = Parents.hpp; sourceTree = "<group>"; };
		32A243902359CE3F0095271F /* MyArray.h */ = {isa = PBXFileReference; lastKnownFileType = sourcecode.c.h; path = MyArray.h; sourceTree = "<group>"; };
		32A243932359FEF90095271F /* Functions.cpp */ = {isa = PBXFileReference; lastKnownFileType = sourcecode.cpp.cpp; path = Functions.cpp; sourceTree = "<group>"; };
		32A243942359FEF90095271F /* Functions.hpp */ = {isa = PBXFileReference; lastKnownFileType = sourcecode.cpp.h; path = Functions.hpp; sourceTree = "<group>"; };
/* End PBXFileReference section */

/* Begin PBXFrameworksBuildPhase section */
		324DEE222351F10B00DE12E6 /* Frameworks */ = {
			isa = PBXFrameworksBuildPhase;
			buildActionMask = 2147483647;
			files = (
			);
			runOnlyForDeploymentPostprocessing = 0;
		};
/* End PBXFrameworksBuildPhase section */

/* Begin PBXGroup section */
		324DEE1C2351F10B00DE12E6 = {
			isa = PBXGroup;
			children = (
				324DEE272351F10B00DE12E6 /* TEHPROGA1 */,
				324DEE262351F10B00DE12E6 /* Products */,
			);
			sourceTree = "<group>";
		};
		324DEE262351F10B00DE12E6 /* Products */ = {
			isa = PBXGroup;
			children = (
				324DEE252351F10B00DE12E6 /* TEHPROGA1 */,
			);
			name = Products;
			sourceTree = "<group>";
		};
		324DEE272351F10B00DE12E6 /* TEHPROGA1 */ = {
			isa = PBXGroup;
			children = (
				32A243922359F90B0095271F /* Engine */,
				32A243912359F8CC0095271F /* Model */,
				324DEE282351F10B00DE12E6 /* main.cpp */,
			);
			path = TEHPROGA1;
			sourceTree = "<group>";
		};
		32A243912359F8CC0095271F /* Model */ = {
			isa = PBXGroup;
			children = (
				324DEE342351F12A00DE12E6 /* Base.cpp */,
				324DEE312351F12A00DE12E6 /* Base.hpp */,
				324DEE432351F57D00DE12E6 /* Kids.cpp */,
				324DEE442351F57D00DE12E6 /* Kids.hpp */,
				324DEE462351F59A00DE12E6 /* Parents.cpp */,
				324DEE472351F59A00DE12E6 /* Parents.hpp */,
				324DEE302351F12A00DE12E6 /* Grandparents.cpp */,
				324DEE332351F12A00DE12E6 /* Grandparents.hpp */,
			);
			name = Model;
			sourceTree = "<group>";
		};
		32A243922359F90B0095271F /* Engine */ = {
			isa = PBXGroup;
			children = (
				32A243932359FEF90095271F /* Functions.cpp */,
				32A243942359FEF90095271F /* Functions.hpp */,
				324DEE392351F12A00DE12E6 /* Keeper.cpp */,
				324DEE382351F12A00DE12E6 /* Keeper.hpp */,
				324DEE412351F22600DE12E6 /* Exception.hpp */,
				32A243902359CE3F0095271F /* MyArray.h */,
			);
			name = Engine;
			sourceTree = "<group>";
		};
/* End PBXGroup section */

/* Begin PBXNativeTarget section */
		324DEE242351F10B00DE12E6 /* TEHPROGA1 */ = {
			isa = PBXNativeTarget;
			buildConfigurationList = 324DEE2C2351F10B00DE12E6 /* Build configuration list for PBXNativeTarget "TEHPROGA1" */;
			buildPhases = (
				324DEE212351F10B00DE12E6 /* Sources */,
				324DEE222351F10B00DE12E6 /* Frameworks */,
				324DEE232351F10B00DE12E6 /* CopyFiles */,
			);
			buildRules = (
			);
			dependencies = (
			);
			name = TEHPROGA1;
			productName = TEHPROGA1;
			productReference = 324DEE252351F10B00DE12E6 /* TEHPROGA1 */;
			productType = "com.apple.product-type.tool";
		};
/* End PBXNativeTarget section */

/* Begin PBXProject section */
		324DEE1D2351F10B00DE12E6 /* Project object */ = {
			isa = PBXProject;
			attributes = {
				LastUpgradeCheck = 1020;
				ORGANIZATIONNAME = "Артем Шарапов";
				TargetAttributes = {
					324DEE242351F10B00DE12E6 = {
						CreatedOnToolsVersion = 10.2;
					};
				};
			};
			buildConfigurationList = 324DEE202351F10B00DE12E6 /* Build configuration list for PBXProject "TEHPROGA1" */;
			compatibilityVersion = "Xcode 9.3";
			developmentRegion = en;
			hasScannedForEncodings = 0;
			knownRegions = (
				en,
			);
			mainGroup = 324DEE1C2351F10B00DE12E6;
			productRefGroup = 324DEE262351F10B00DE12E6 /* Products */;
			projectDirPath = "";
			projectRoot = "";
			targets = (
				324DEE242351F10B00DE12E6 /* TEHPROGA1 */,
			);
		};
/* End PBXProject section */

/* Begin PBXSourcesBuildPhase section */
		324DEE212351F10B00DE12E6 /* Sources */ = {
			isa = PBXSourcesBuildPhase;
			buildActionMask = 2147483647;
			files = (
				324DEE3C2351F12A00DE12E6 /* Base.cpp in Sources */,
				32A243952359FEF90095271F /* Functions.cpp in Sources */,
				324DEE3B2351F12A00DE12E6 /* Grandparents.cpp in Sources */,
				324DEE292351F10B00DE12E6 /* main.cpp in Sources */,
				324DEE482351F59A00DE12E6 /* Parents.cpp in Sources */,
				324DEE3F2351F12A00DE12E6 /* Keeper.cpp in Sources */,
				324DEE452351F57D00DE12E6 /* Kids.cpp in Sources */,
			);
			runOnlyForDeploymentPostprocessing = 0;
		};
/* End PBXSourcesBuildPhase section */

/* Begin XCBuildConfiguration section */
		324DEE2A2351F10B00DE12E6 /* Debug */ = {
			isa = XCBuildConfiguration;
			buildSettings = {
				ALWAYS_SEARCH_USER_PATHS = NO;
				CLANG_ANALYZER_NONNULL = YES;
				CLANG_ANALYZER_NUMBER_OBJECT_CONVERSION = YES_AGGRESSIVE;
				CLANG_CXX_LANGUAGE_STANDARD = "gnu++14";
				CLANG_CXX_LIBRARY = "libc++";
				CLANG_ENABLE_MODULES = YES;
				CLANG_ENABLE_OBJC_ARC = YES;
				CLANG_ENABLE_OBJC_WEAK = YES;
				CLANG_WARN_BLOCK_CAPTURE_AUTORELEASING = YES;
				CLANG_WARN_BOOL_CONVERSION = YES;
				CLANG_WARN_COMMA = YES;
				CLANG_WARN_CONSTANT_CONVERSION = YES;
				CLANG_WARN_DEPRECATED_OBJC_IMPLEMENTATIONS = YES;
				CLANG_WARN_DIRECT_OBJC_ISA_USAGE = YES_ERROR;
				CLANG_WARN_DOCUMENTATION_COMMENTS = YES;
				CLANG_WARN_EMPTY_BODY = YES;
				CLANG_WARN_ENUM_CONVERSION = YES;
				CLANG_WARN_INFINITE_RECURSION = YES;
				CLANG_WARN_INT_CONVERSION = YES;
				CLANG_WARN_NON_LITERAL_NULL_CONVERSION = YES;
				CLANG_WARN_OBJC_IMPLICIT_RETAIN_SELF = YES;
				CLANG_WARN_OBJC_LITERAL_CONVERSION = YES;
				CLANG_WARN_OBJC_ROOT_CLASS = YES_ERROR;
				CLANG_WARN_RANGE_LOOP_ANALYSIS = YES;
				CLANG_WARN_STRICT_PROTOTYPES = YES;
				CLANG_WARN_SUSPICIOUS_MOVE = YES;
				CLANG_WARN_UNGUARDED_AVAILABILITY = YES_AGGRESSIVE;
				CLANG_WARN_UNREACHABLE_CODE = YES;
				CLANG_WARN__DUPLICATE_METHOD_MATCH = YES;
				CODE_SIGN_IDENTITY = "Mac Developer";
				COPY_PHASE_STRIP = NO;
				DEBUG_INFORMATION_FORMAT = dwarf;
				ENABLE_STRICT_OBJC_MSGSEND = YES;
				ENABLE_TESTABILITY = YES;
				GCC_C_LANGUAGE_STANDARD = gnu11;
				GCC_DYNAMIC_NO_PIC = NO;
				GCC_NO_COMMON_BLOCKS = YES;
				GCC_OPTIMIZATION_LEVEL = 0;
				GCC_PREPROCESSOR_DEFINITIONS = (
					"DEBUG=1",
					"$(inherited)",
				);
				GCC_WARN_64_TO_32_BIT_CONVERSION = YES;
				GCC_WARN_ABOUT_RETURN_TYPE = YES_ERROR;
				GCC_WARN_UNDECLARED_SELECTOR = YES;
				GCC_WARN_UNINITIALIZED_AUTOS = YES_AGGRESSIVE;
				GCC_WARN_UNUSED_FUNCTION = YES;
				GCC_WARN_UNUSED_VARIABLE = YES;
				MACOSX_DEPLOYMENT_TARGET = 10.14;
				MTL_ENABLE_DEBUG_INFO = INCLUDE_SOURCE;
				MTL_FAST_MATH = YES;
				ONLY_ACTIVE_ARCH = YES;
				SDKROOT = macosx;
			};
			name = Debug;
		};
		324DEE2B2351F10B00DE12E6 /* Release */ = {
			isa = XCBuildConfiguration;
			buildSettings = {
				ALWAYS_SEARCH_USER_PATHS = NO;
				CLANG_ANALYZER_NONNULL = YES;
				CLANG_ANALYZER_NUMBER_OBJECT_CONVERSION = YES_AGGRESSIVE;
				CLANG_CXX_LANGUAGE_STANDARD = "gnu++14";
				CLANG_CXX_LIBRARY = "libc++";
				CLANG_ENABLE_MODULES = YES;
				CLANG_ENABLE_OBJC_ARC = YES;
				CLANG_ENABLE_OBJC_WEAK = YES;
				CLANG_WARN_BLOCK_CAPTURE_AUTORELEASING = YES;
				CLANG_WARN_BOOL_CONVERSION = YES;
				CLANG_WARN_COMMA = YES;
				CLANG_WARN_CONSTANT_CONVERSION = YES;
				CLANG_WARN_DEPRECATED_OBJC_IMPLEMENTATIONS = YES;
				CLANG_WARN_DIRECT_OBJC_ISA_USAGE = YES_ERROR;
				CLANG_WARN_DOCUMENTATION_COMMENTS = YES;
				CLANG_WARN_EMPTY_BODY = YES;
				CLANG_WARN_ENUM_CONVERSION = YES;
				CLANG_WARN_INFINITE_RECURSION = YES;
				CLANG_WARN_INT_CONVERSION = YES;
				CLANG_WARN_NON_LITERAL_NULL_CONVERSION = YES;
				CLANG_WARN_OBJC_IMPLICIT_RETAIN_SELF = YES;
				CLANG_WARN_OBJC_LITERAL_CONVERSION = YES;
				CLANG_WARN_OBJC_ROOT_CLASS = YES_ERROR;
				CLANG_WARN_RANGE_LOOP_ANALYSIS = YES;
				CLANG_WARN_STRICT_PROTOTYPES = YES;
				CLANG_WARN_SUSPICIOUS_MOVE = YES;
				CLANG_WARN_UNGUARDED_AVAILABILITY = YES_AGGRESSIVE;
				CLANG_WARN_UNREACHABLE_CODE = YES;
				CLANG_WARN__DUPLICATE_METHOD_MATCH = YES;
				CODE_SIGN_IDENTITY = "Mac Developer";
				COPY_PHASE_STRIP = NO;
				DEBUG_INFORMATION_FORMAT = "dwarf-with-dsym";
				ENABLE_NS_ASSERTIONS = NO;
				ENABLE_STRICT_OBJC_MSGSEND = YES;
				GCC_C_LANGUAGE_STANDARD = gnu11;
				GCC_NO_COMMON_BLOCKS = YES;
				GCC_WARN_64_TO_32_BIT_CONVERSION = YES;
				GCC_WARN_ABOUT_RETURN_TYPE = YES_ERROR;
				GCC_WARN_UNDECLARED_SELECTOR = YES;
				GCC_WARN_UNINITIALIZED_AUTOS = YES_AGGRESSIVE;
				GCC_WARN_UNUSED_FUNCTION = YES;
				GCC_WARN_UNUSED_VARIABLE = YES;
				MACOSX_DEPLOYMENT_TARGET = 10.14;
				MTL_ENABLE_DEBUG_INFO = NO;
				MTL_FAST_MATH = YES;
				SDKROOT = macosx;
			};
			name = Release;
		};
		324DEE2D2351F10B00DE12E6 /* Debug */ = {
			isa = XCBuildConfiguration;
			buildSettings = {
				CODE_SIGN_STYLE = Automatic;
				DEVELOPMENT_TEAM = FXRT99T9T4;
				PRODUCT_NAME = "$(TARGET_NAME)";
			};
			name = Debug;
		};
		324DEE2E2351F10B00DE12E6 /* Release */ = {
			isa = XCBuildConfiguration;
			buildSettings = {
				CODE_SIGN_STYLE = Automatic;
				DEVELOPMENT_TEAM = FXRT99T9T4;
				PRODUCT_NAME = "$(TARGET_NAME)";
			};
			name = Release;
		};
/* End XCBuildConfiguration section */

/* Begin XCConfigurationList section */
		324DEE202351F10B00DE12E6 /* Build configuration list for PBXProject "TEHPROGA1" */ = {
			isa = XCConfigurationList;
			buildConfigurations = (
				324DEE2A2351F10B00DE12E6 /* Debug */,
				324DEE2B2351F10B00DE12E6 /* Release */,
			);
			defaultConfigurationIsVisible = 0;
			defaultConfigurationName = Release;
		};
		324DEE2C2351F10B00DE12E6 /* Build configuration list for PBXNativeTarget "TEHPROGA1" */ = {
			isa = XCConfigurationList;
			buildConfigurations = (
				324DEE2D2351F10B00DE12E6 /* Debug */,
				324DEE2E2351F10B00DE12E6 /* Release */,
			);
			defaultConfigurationIsVisible = 0;
			defaultConfigurationName = Release;
		};
/* End XCConfigurationList section */
	};
	rootObject = 324DEE1D2351F10B00DE12E6 /* Project object */;
}
